{
  "nodes": {
    "home-manager": {
      "inputs": {
        "nixpkgs": [
          "nixpkgs"
        ]
      },
      "locked": {
        "lastModified": 1775781825,
        "narHash": "sha256-L5yKTpR+alrZU2XYYvIxCeCP4LBHU5jhwSj7H1VAavg=",
        "owner": "nix-community",
        "repo": "home-manager",
        "rev": "e35c39fca04fee829cecdf839a50eb9b54d8a701",
        "type": "github"
      },
      "original": {
        "owner": "nix-community",
        "repo": "home-manager",
        "type": "github"
      }
    },
    "homebrew": {
      "inputs": {
        "nixpkgs": [
          "nixpkgs"
        ]
      },
      "locked": {
        "lastModified": 1770027735,
        "narHash": "sha256-IRV+Z3yW5HRNe5YaUatkOe71RPpyJBNg8fU1rkS9yqQ=",
        "owner": "koalalorenzo",
        "repo": "home-manager-brew",
        "rev": "d5d66f9a9b8e169809ca81160f9c732bdc62757b",
        "type": "github"
      },
      "original": {
        "owner": "koalalorenzo",
        "repo": "home-manager-brew",
        "type": "github"
      }
    },
    "nixpkgs": {
      "locked": {
        "lastModified": 1775710090,
        "narHash": "sha256-ar3rofg+awPB8QXDaFJhJ2jJhu+KqN/PRCXeyuXR76E=",
        "owner": "nixos",
        "repo": "nixpkgs",
        "rev": "4c1018dae018162ec878d42fec712642d214fdfa",
        "type": "github"
      },
      "original": {
        "owner": "nixos",
        "ref": "nixos-unstable",
        "repo": "nixpkgs",
        "type": "github"
      }
    },
    "root": {
      "inputs": {
        "home-manager": "home-manager",
        "homebrew": "homebrew",
        "nixpkgs": "nixpkgs"
      }
    }
  },
  "root": "root",
  "version": 7
}
