{
  "nodes": {
    "home-manager": {
      "inputs": {
        "nixpkgs": [
          "nixpkgs"
        ]
      },
      "locked": {
        "lastModified": 1778248595,
        "narHash": "sha256-dhFgEjoeJMYN/7OY6xfxS799YB4IjbbYXTjyGIJyLpc=",
        "owner": "nix-community",
        "repo": "home-manager",
        "rev": "fdb2ccba9d5e1238d32e0c4a3ec1a277efa80c1d",
        "type": "github"
      },
      "original": {
        "owner": "nix-community",
        "repo": "home-manager",
        "type": "github"
      }
    },
    "homebrew": {
      "inputs": {
        "nixpkgs": [
          "nixpkgs"
        ]
      },
      "locked": {
        "lastModified": 1770027735,
        "narHash": "sha256-IRV+Z3yW5HRNe5YaUatkOe71RPpyJBNg8fU1rkS9yqQ=",
        "owner": "koalalorenzo",
        "repo": "home-manager-brew",
        "rev": "d5d66f9a9b8e169809ca81160f9c732bdc62757b",
        "type": "github"
      },
      "original": {
        "owner": "koalalorenzo",
        "repo": "home-manager-brew",
        "type": "github"
      }
    },
    "nixpkgs": {
      "locked": {
        "lastModified": 1777954456,
        "narHash": "sha256-hGdgeU2Nk87RAuZyYjyDjFL6LK7dAZN5RE9+hrDTkDU=",
        "owner": "nixos",
        "repo": "nixpkgs",
        "rev": "549bd84d6279f9852cae6225e372cc67fb91a4c1",
        "type": "github"
      },
      "original": {
        "owner": "nixos",
        "ref": "nixos-unstable",
        "repo": "nixpkgs",
        "type": "github"
      }
    },
    "root": {
      "inputs": {
        "home-manager": "home-manager",
        "homebrew": "homebrew",
        "nixpkgs": "nixpkgs"
      }
    }
  },
  "root": "root",
  "version": 7
}
